
Microsoft Visual Studio Solution File, Format Version 12.00
# Visual Studio 15
Project("{FAE04EC0-301F-11D3-BF4B-00C04F79EFBC}") = "Assembly-CSharp-firstpass", "Assembly-CSharp-firstpass.csproj", "{ABF171C4-0DBB-BC04-661D-447E10CB0900}"
EndProject
Project("{FAE04EC0-301F-11D3-BF4B-00C04F79EFBC}") = "Assembly-CSharp", "Assembly-CSharp.csproj", "{4B48657E-B70B-E8EB-77EF-4FF989BBED6F}"
EndProject
Project("{FAE04EC0-301F-11D3-BF4B-00C04F79EFBC}") = "Assembly-CSharp-Editor-firstpass", "Assembly-CSharp-Editor-firstpass.csproj", "{B7ECEE4D-65E2-F6D6-942B-55DCEBDCA846}"
EndProject
Global
	GlobalSection(SolutionConfigurationPlatforms) = preSolution
		Debug|Any CPU = Debug|Any CPU
		Release|Any CPU = Release|Any CPU
	EndGlobalSection
	GlobalSection(ProjectConfigurationPlatforms) = postSolution
		{ABF171C4-0DBB-BC04-661D-447E10CB0900}.Debug|Any CPU.ActiveCfg = Debug|Any CPU
		{ABF171C4-0DBB-BC04-661D-447E10CB0900}.Debug|Any CPU.Build.0 = Debug|Any CPU
		{ABF171C4-0DBB-BC04-661D-447E10CB0900}.Release|Any CPU.ActiveCfg = Release|Any CPU
		{ABF171C4-0DBB-BC04-661D-447E10CB0900}.Release|Any CPU.Build.0 = Release|Any CPU
		{4B48657E-B70B-E8EB-77EF-4FF989BBED6F}.Debug|Any CPU.ActiveCfg = Debug|Any CPU
		{4B48657E-B70B-E8EB-77EF-4FF989BBED6F}.Debug|Any CPU.Build.0 = Debug|Any CPU
		{4B48657E-B70B-E8EB-77EF-4FF989BBED6F}.Release|Any CPU.ActiveCfg = Release|Any CPU
		{4B48657E-B70B-E8EB-77EF-4FF989BBED6F}.Release|Any CPU.Build.0 = Release|Any CPU
		{B7ECEE4D-65E2-F6D6-942B-55DCEBDCA846}.Debug|Any CPU.ActiveCfg = Debug|Any CPU
		{B7ECEE4D-65E2-F6D6-942B-55DCEBDCA846}.Debug|Any CPU.Build.0 = Debug|Any CPU
		{B7ECEE4D-65E2-F6D6-942B-55DCEBDCA846}.Release|Any CPU.ActiveCfg = Release|Any CPU
		{B7ECEE4D-65E2-F6D6-942B-55DCEBDCA846}.Release|Any CPU.Build.0 = Release|Any CPU
	EndGlobalSection
	GlobalSection(SolutionProperties) = preSolution
		HideSolutionNode = FALSE
	EndGlobalSection
EndGlobal
